// !$*UTF8*$!
{
	archiveVersion = 1;
	classes = {
	};
	objectVersion = 46;
	objects = {

/* Begin PBXBuildFile section */
		9A0039DF1B220DBA00D5404B /* main.m in Sources */ = {isa = PBXBuildFile; fileRef = 9A0039DE1B220DBA00D5404B /* main.m */; };
		9A0039E21B220DBA00D5404B /* AppDelegate.m in Sources */ = {isa = PBXBuildFile; fileRef = 9A0039E11B220DBA00D5404B /* AppDelegate.m */; };
		9A0039E51B220DBA00D5404B /* GameScene.m in Sources */ = {isa = PBXBuildFile; fileRef = 9A0039E41B220DBA00D5404B /* GameScene.m */; };
		9A0039EA1B220DBA00D5404B /* GameViewController.m in Sources */ = {isa = PBXBuildFile; fileRef = 9A0039E91B220DBA00D5404B /* GameViewController.m */; };
		9A0039ED1B220DBA00D5404B /* Main.storyboard in Resources */ = {isa = PBXBuildFile; fileRef = 9A0039EB1B220DBA00D5404B /* Main.storyboard */; };
		9A0039EF1B220DBA00D5404B /* Images.xcassets in Resources */ = {isa = PBXBuildFile; fileRef = 9A0039EE1B220DBA00D5404B /* Images.xcassets */; };
		9A0039F21B220DBA00D5404B /* LaunchScreen.xib in Resources */ = {isa = PBXBuildFile; fileRef = 9A0039F01B220DBA00D5404B /* LaunchScreen.xib */; };
		9A003A0A1B22100A00D5404B /* GameUtils.m in Sources */ = {isa = PBXBuildFile; fileRef = 9A003A091B22100A00D5404B /* GameUtils.m */; };
		9A003A0E1B22115400D5404B /* AGSpriteButton.m in Sources */ = {isa = PBXBuildFile; fileRef = 9A003A0D1B22115400D5404B /* AGSpriteButton.m */; };
		9A003A151B22143B00D5404B /* background-568h@2x.png in Resources */ = {isa = PBXBuildFile; fileRef = 9A003A131B22143B00D5404B /* background-568h@2x.png */; };
		9A003A161B22143B00D5404B /* background@2x.png in Resources */ = {isa = PBXBuildFile; fileRef = 9A003A141B22143B00D5404B /* background@2x.png */; };
		9A003A191B2214DC00D5404B /* background-667h@2x.png in Resources */ = {isa = PBXBuildFile; fileRef = 9A003A171B2214DC00D5404B /* background-667h@2x.png */; };
		9A003A1A1B2214DC00D5404B /* background@3x.png in Resources */ = {isa = PBXBuildFile; fileRef = 9A003A181B2214DC00D5404B /* background@3x.png */; };
/* End PBXBuildFile section */

/* Begin PBXFileReference section */
		9A0039D91B220DBA00D5404B /* ScrollingBackground.app */ = {isa = PBXFileReference; explicitFileType = wrapper.application; includeInIndex = 0; path = ScrollingBackground.app; sourceTree = BUILT_PRODUCTS_DIR; };
		9A0039DD1B220DBA00D5404B /* Info.plist */ = {isa = PBXFileReference; lastKnownFileType = text.plist.xml; path = Info.plist; sourceTree = "<group>"; };
		9A0039DE1B220DBA00D5404B /* main.m */ = {isa = PBXFileReference; lastKnownFileType = sourcecode.c.objc; path = main.m; sourceTree = "<group>"; };
		9A0039E01B220DBA00D5404B /* AppDelegate.h */ = {isa = PBXFileReference; lastKnownFileType = sourcecode.c.h; path = AppDelegate.h; sourceTree = "<group>"; };
		9A0039E11B220DBA00D5404B /* AppDelegate.m */ = {isa = PBXFileReference; lastKnownFileType = sourcecode.c.objc; path = AppDelegate.m; sourceTree = "<group>"; };
		9A0039E31B220DBA00D5404B /* GameScene.h */ = {isa = PBXFileReference; lastKnownFileType = sourcecode.c.h; path = GameScene.h; sourceTree = "<group>"; };
		9A0039E41B220DBA00D5404B /* GameScene.m */ = {isa = PBXFileReference; lastKnownFileType = sourcecode.c.objc; path = GameScene.m; sourceTree = "<group>"; };
		9A0039E81B220DBA00D5404B /* GameViewController.h */ = {isa = PBXFileReference; lastKnownFileType = sourcecode.c.h; path = GameViewController.h; sourceTree = "<group>"; };
		9A0039E91B220DBA00D5404B /* GameViewController.m */ = {isa = PBXFileReference; lastKnownFileType = sourcecode.c.objc; path = GameViewController.m; sourceTree = "<group>"; };
		9A0039EC1B220DBA00D5404B /* Base */ = {isa = PBXFileReference; lastKnownFileType = file.storyboard; name = Base; path = Base.lproj/Main.storyboard; sourceTree = "<group>"; };
		9A0039EE1B220DBA00D5404B /* Images.xcassets */ = {isa = PBXFileReference; lastKnownFileType = folder.assetcatalog; path = Images.xcassets; sourceTree = "<group>"; };
		9A0039F11B220DBA00D5404B /* Base */ = {isa = PBXFileReference; lastKnownFileType = file.xib; name = Base; path = Base.lproj/LaunchScreen.xib; sourceTree = "<group>"; };
		9A003A071B22100A00D5404B /* Constants.h */ = {isa = PBXFileReference; fileEncoding = 4; lastKnownFileType = sourcecode.c.h; path = Constants.h; sourceTree = "<group>"; };
		9A003A081B22100A00D5404B /* GameUtils.h */ = {isa = PBXFileReference; fileEncoding = 4; lastKnownFileType = sourcecode.c.h; path = GameUtils.h; sourceTree = "<group>"; };
		9A003A091B22100A00D5404B /* GameUtils.m */ = {isa = PBXFileReference; fileEncoding = 4; lastKnownFileType = sourcecode.c.objc; path = GameUtils.m; sourceTree = "<group>"; };
		9A003A0B1B22108500D5404B /* ScrollingBackground-PrefixHeader.pch */ = {isa = PBXFileReference; fileEncoding = 4; lastKnownFileType = sourcecode.c.h; path = "ScrollingBackground-PrefixHeader.pch"; sourceTree = "<group>"; };
		9A003A0C1B22115400D5404B /* AGSpriteButton.h */ = {isa = PBXFileReference; fileEncoding = 4; lastKnownFileType = sourcecode.c.h; path = AGSpriteButton.h; sourceTree = "<group>"; };
		9A003A0D1B22115400D5404B /* AGSpriteButton.m */ = {isa = PBXFileReference; fileEncoding = 4; lastKnownFileType = sourcecode.c.objc; path = AGSpriteButton.m; sourceTree = "<group>"; };
		9A003A131B22143B00D5404B /* background-568h@2x.png */ = {isa = PBXFileReference; lastKnownFileType = image.png; path = "background-568h@2x.png"; sourceTree = "<group>"; };
		9A003A141B22143B00D5404B /* background@2x.png */ = {isa = PBXFileReference; lastKnownFileType = image.png; path = "background@2x.png"; sourceTree = "<group>"; };
		9A003A171B2214DC00D5404B /* background-667h@2x.png */ = {isa = PBXFileReference; lastKnownFileType = image.png; path = "background-667h@2x.png"; sourceTree = "<group>"; };
		9A003A181B2214DC00D5404B /* background@3x.png */ = {isa = PBXFileReference; lastKnownFileType = image.png; path = "background@3x.png"; sourceTree = "<group>"; };
/* End PBXFileReference section */

/* Begin PBXFrameworksBuildPhase section */
		9A0039D61B220DBA00D5404B /* Frameworks */ = {
			isa = PBXFrameworksBuildPhase;
			buildActionMask = 2147483647;
			files = (
			);
			runOnlyForDeploymentPostprocessing = 0;
		};
/* End PBXFrameworksBuildPhase section */

/* Begin PBXGroup section */
		9A0039D01B220DBA00D5404B = {
			isa = PBXGroup;
			children = (
				9A0039DB1B220DBA00D5404B /* ScrollingBackground */,
				9A0039DA1B220DBA00D5404B /* Products */,
			);
			sourceTree = "<group>";
		};
		9A0039DA1B220DBA00D5404B /* Products */ = {
			isa = PBXGroup;
			children = (
				9A0039D91B220DBA00D5404B /* ScrollingBackground.app */,
			);
			name = Products;
			sourceTree = "<group>";
		};
		9A0039DB1B220DBA00D5404B /* ScrollingBackground */ = {
			isa = PBXGroup;
			children = (
				9A003A131B22143B00D5404B /* background-568h@2x.png */,
				9A003A141B22143B00D5404B /* background@2x.png */,
				9A003A171B2214DC00D5404B /* background-667h@2x.png */,
				9A003A181B2214DC00D5404B /* background@3x.png */,
				9A003A071B22100A00D5404B /* Constants.h */,
				9A003A081B22100A00D5404B /* GameUtils.h */,
				9A003A091B22100A00D5404B /* GameUtils.m */,
				9A003A0C1B22115400D5404B /* AGSpriteButton.h */,
				9A003A0D1B22115400D5404B /* AGSpriteButton.m */,
				9A0039E01B220DBA00D5404B /* AppDelegate.h */,
				9A0039E11B220DBA00D5404B /* AppDelegate.m */,
				9A0039E31B220DBA00D5404B /* GameScene.h */,
				9A0039E41B220DBA00D5404B /* GameScene.m */,
				9A0039E81B220DBA00D5404B /* GameViewController.h */,
				9A0039E91B220DBA00D5404B /* GameViewController.m */,
				9A0039EB1B220DBA00D5404B /* Main.storyboard */,
				9A0039EE1B220DBA00D5404B /* Images.xcassets */,
				9A0039F01B220DBA00D5404B /* LaunchScreen.xib */,
				9A0039DC1B220DBA00D5404B /* Supporting Files */,
			);
			path = ScrollingBackground;
			sourceTree = "<group>";
		};
		9A0039DC1B220DBA00D5404B /* Supporting Files */ = {
			isa = PBXGroup;
			children = (
				9A0039DD1B220DBA00D5404B /* Info.plist */,
				9A003A0B1B22108500D5404B /* ScrollingBackground-PrefixHeader.pch */,
				9A0039DE1B220DBA00D5404B /* main.m */,
			);
			name = "Supporting Files";
			sourceTree = "<group>";
		};
/* End PBXGroup section */

/* Begin PBXNativeTarget section */
		9A0039D81B220DBA00D5404B /* ScrollingBackground */ = {
			isa = PBXNativeTarget;
			buildConfigurationList = 9A003A011B220DBD00D5404B /* Build configuration list for PBXNativeTarget "ScrollingBackground" */;
			buildPhases = (
				9A0039D51B220DBA00D5404B /* Sources */,
				9A0039D61B220DBA00D5404B /* Frameworks */,
				9A0039D71B220DBA00D5404B /* Resources */,
			);
			buildRules = (
			);
			dependencies = (
			);
			name = ScrollingBackground;
			productName = ScrollingBackground;
			productReference = 9A0039D91B220DBA00D5404B /* ScrollingBackground.app */;
			productType = "com.apple.product-type.application";
		};
/* End PBXNativeTarget section */

/* Begin PBXProject section */
		9A0039D11B220DBA00D5404B /* Project object */ = {
			isa = PBXProject;
			attributes = {
				LastUpgradeCheck = 0630;
				ORGANIZATIONNAME = "Chota Game";
				TargetAttributes = {
					9A0039D81B220DBA00D5404B = {
						CreatedOnToolsVersion = 6.3.2;
					};
				};
			};
			buildConfigurationList = 9A0039D41B220DBA00D5404B /* Build configuration list for PBXProject "ScrollingBackground" */;
			compatibilityVersion = "Xcode 3.2";
			developmentRegion = English;
			hasScannedForEncodings = 0;
			knownRegions = (
				en,
				Base,
			);
			mainGroup = 9A0039D01B220DBA00D5404B;
			productRefGroup = 9A0039DA1B220DBA00D5404B /* Products */;
			projectDirPath = "";
			projectRoot = "";
			targets = (
				9A0039D81B220DBA00D5404B /* ScrollingBackground */,
			);
		};
/* End PBXProject section */

/* Begin PBXResourcesBuildPhase section */
		9A0039D71B220DBA00D5404B /* Resources */ = {
			isa = PBXResourcesBuildPhase;
			buildActionMask = 2147483647;
			files = (
				9A0039F21B220DBA00D5404B /* LaunchScreen.xib in Resources */,
				9A0039EF1B220DBA00D5404B /* Images.xcassets in Resources */,
				9A003A1A1B2214DC00D5404B /* background@3x.png in Resources */,
				9A003A161B22143B00D5404B /* background@2x.png in Resources */,
				9A003A191B2214DC00D5404B /* background-667h@2x.png in Resources */,
				9A0039ED1B220DBA00D5404B /* Main.storyboard in Resources */,
				9A003A151B22143B00D5404B /* background-568h@2x.png in Resources */,
			);
			runOnlyForDeploymentPostprocessing = 0;
		};
/* End PBXResourcesBuildPhase section */

/* Begin PBXSourcesBuildPhase section */
		9A0039D51B220DBA00D5404B /* Sources */ = {
			isa = PBXSourcesBuildPhase;
			buildActionMask = 2147483647;
			files = (
				9A0039EA1B220DBA00D5404B /* GameViewController.m in Sources */,
				9A003A0A1B22100A00D5404B /* GameUtils.m in Sources */,
				9A0039E21B220DBA00D5404B /* AppDelegate.m in Sources */,
				9A0039E51B220DBA00D5404B /* GameScene.m in Sources */,
				9A003A0E1B22115400D5404B /* AGSpriteButton.m in Sources */,
				9A0039DF1B220DBA00D5404B /* main.m in Sources */,
			);
			runOnlyForDeploymentPostprocessing = 0;
		};
/* End PBXSourcesBuildPhase section */

/* Begin PBXVariantGroup section */
		9A0039EB1B220DBA00D5404B /* Main.storyboard */ = {
			isa = PBXVariantGroup;
			children = (
				9A0039EC1B220DBA00D5404B /* Base */,
			);
			name = Main.storyboard;
			sourceTree = "<group>";
		};
		9A0039F01B220DBA00D5404B /* LaunchScreen.xib */ = {
			isa = PBXVariantGroup;
			children = (
				9A0039F11B220DBA00D5404B /* Base */,
			);
			name = LaunchScreen.xib;
			sourceTree = "<group>";
		};
/* End PBXVariantGroup section */

/* Begin XCBuildConfiguration section */
		9A0039FF1B220DBD00D5404B /* Debug */ = {
			isa = XCBuildConfiguration;
			buildSettings = {
				ALWAYS_SEARCH_USER_PATHS = NO;
				CLANG_CXX_LANGUAGE_STANDARD = "gnu++0x";
				CLANG_CXX_LIBRARY = "libc++";
				CLANG_ENABLE_MODULES = YES;
				CLANG_ENABLE_OBJC_ARC = YES;
				CLANG_WARN_BOOL_CONVERSION = YES;
				CLANG_WARN_CONSTANT_CONVERSION = YES;
				CLANG_WARN_DIRECT_OBJC_ISA_USAGE = YES_ERROR;
				CLANG_WARN_EMPTY_BODY = YES;
				CLANG_WARN_ENUM_CONVERSION = YES;
				CLANG_WARN_INT_CONVERSION = YES;
				CLANG_WARN_OBJC_ROOT_CLASS = YES_ERROR;
				CLANG_WARN_UNREACHABLE_CODE = YES;
				CLANG_WARN__DUPLICATE_METHOD_MATCH = YES;
				CODE_SIGN_IDENTITY = "iPhone Developer";
				"CODE_SIGN_IDENTITY[sdk=iphoneos*]" = "iPhone Developer";
				COPY_PHASE_STRIP = NO;
				DEBUG_INFORMATION_FORMAT = "dwarf-with-dsym";
				ENABLE_STRICT_OBJC_MSGSEND = YES;
				GCC_C_LANGUAGE_STANDARD = gnu99;
				GCC_DYNAMIC_NO_PIC = NO;
				GCC_NO_COMMON_BLOCKS = YES;
				GCC_OPTIMIZATION_LEVEL = 0;
				GCC_PREPROCESSOR_DEFINITIONS = (
					"DEBUG=1",
					"$(inherited)",
				);
				GCC_SYMBOLS_PRIVATE_EXTERN = NO;
				GCC_WARN_64_TO_32_BIT_CONVERSION = YES;
				GCC_WARN_ABOUT_RETURN_TYPE = YES_ERROR;
				GCC_WARN_UNDECLARED_SELECTOR = YES;
				GCC_WARN_UNINITIALIZED_AUTOS = YES_AGGRESSIVE;
				GCC_WARN_UNUSED_FUNCTION = YES;
				GCC_WARN_UNUSED_VARIABLE = YES;
				IPHONEOS_DEPLOYMENT_TARGET = 7.0;
				MTL_ENABLE_DEBUG_INFO = YES;
				ONLY_ACTIVE_ARCH = YES;
				SDKROOT = iphoneos;
			};
			name = Debug;
		};
		9A003A001B220DBD00D5404B /* Release */ = {
			isa = XCBuildConfiguration;
			buildSettings = {
				ALWAYS_SEARCH_USER_PATHS = NO;
				CLANG_CXX_LANGUAGE_STANDARD = "gnu++0x";
				CLANG_CXX_LIBRARY = "libc++";
				CLANG_ENABLE_MODULES = YES;
				CLANG_ENABLE_OBJC_ARC = YES;
				CLANG_WARN_BOOL_CONVERSION = YES;
				CLANG_WARN_CONSTANT_CONVERSION = YES;
				CLANG_WARN_DIRECT_OBJC_ISA_USAGE = YES_ERROR;
				CLANG_WARN_EMPTY_BODY = YES;
				CLANG_WARN_ENUM_CONVERSION = YES;
				CLANG_WARN_INT_CONVERSION = YES;
				CLANG_WARN_OBJC_ROOT_CLASS = YES_ERROR;
				CLANG_WARN_UNREACHABLE_CODE = YES;
				CLANG_WARN__DUPLICATE_METHOD_MATCH = YES;
				CODE_SIGN_IDENTITY = "iPhone Developer";
				"CODE_SIGN_IDENTITY[sdk=iphoneos*]" = "iPhone Developer";
				COPY_PHASE_STRIP = NO;
				DEBUG_INFORMATION_FORMAT = "dwarf-with-dsym";
				ENABLE_NS_ASSERTIONS = NO;
				ENABLE_STRICT_OBJC_MSGSEND = YES;
				GCC_C_LANGUAGE_STANDARD = gnu99;
				GCC_NO_COMMON_BLOCKS = YES;
				GCC_WARN_64_TO_32_BIT_CONVERSION = YES;
				GCC_WARN_ABOUT_RETURN_TYPE = YES_ERROR;
				GCC_WARN_UNDECLARED_SELECTOR = YES;
				GCC_WARN_UNINITIALIZED_AUTOS = YES_AGGRESSIVE;
				GCC_WARN_UNUSED_FUNCTION = YES;
				GCC_WARN_UNUSED_VARIABLE = YES;
				IPHONEOS_DEPLOYMENT_TARGET = 7.0;
				MTL_ENABLE_DEBUG_INFO = NO;
				SDKROOT = iphoneos;
				VALIDATE_PRODUCT = YES;
			};
			name = Release;
		};
		9A003A021B220DBD00D5404B /* Debug */ = {
			isa = XCBuildConfiguration;
			buildSettings = {
				ASSETCATALOG_COMPILER_APPICON_NAME = AppIcon;
				CODE_SIGN_IDENTITY = "iPhone Developer";
				INFOPLIST_FILE = ScrollingBackground/Info.plist;
				IPHONEOS_DEPLOYMENT_TARGET = 7.0;
				LD_RUNPATH_SEARCH_PATHS = "$(inherited) @executable_path/Frameworks";
				PRODUCT_NAME = "$(TARGET_NAME)";
			};
			name = Debug;
		};
		9A003A031B220DBD00D5404B /* Release */ = {
			isa = XCBuildConfiguration;
			buildSettings = {
				ASSETCATALOG_COMPILER_APPICON_NAME = AppIcon;
				CODE_SIGN_IDENTITY = "iPhone Developer";
				INFOPLIST_FILE = ScrollingBackground/Info.plist;
				IPHONEOS_DEPLOYMENT_TARGET = 7.0;
				LD_RUNPATH_SEARCH_PATHS = "$(inherited) @executable_path/Frameworks";
				PRODUCT_NAME = "$(TARGET_NAME)";
			};
			name = Release;
		};
/* End XCBuildConfiguration section */

/* Begin XCConfigurationList section */
		9A0039D41B220DBA00D5404B /* Build configuration list for PBXProject "ScrollingBackground" */ = {
			isa = XCConfigurationList;
			buildConfigurations = (
				9A0039FF1B220DBD00D5404B /* Debug */,
				9A003A001B220DBD00D5404B /* Release */,
			);
			defaultConfigurationIsVisible = 0;
			defaultConfigurationName = Release;
		};
		9A003A011B220DBD00D5404B /* Build configuration list for PBXNativeTarget "ScrollingBackground" */ = {
			isa = XCConfigurationList;
			buildConfigurations = (
				9A003A021B220DBD00D5404B /* Debug */,
				9A003A031B220DBD00D5404B /* Release */,
			);
			defaultConfigurationIsVisible = 0;
		};
/* End XCConfigurationList section */
	};
	rootObject = 9A0039D11B220DBA00D5404B /* Project object */;
}
